
Microsoft Visual Studio Solution File, Format Version 12.00
# Visual Studio Version 17
VisualStudioVersion = 17.5.33502.453
MinimumVisualStudioVersion = 10.0.40219.1
Project("{FAE04EC0-301F-11D3-BF4B-00C04F79EFBC}") = "RestWithASPNETUdemy", "RestWithASPNETUdemy\RestWithASPNETUdemy.csproj", "{1B17F256-A24A-46F0-B50F-FFE24C32B9E5}"
EndProject
Global
	GlobalSection(SolutionConfigurationPlatforms) = preSolution
		Debug|Any CPU = Debug|Any CPU
		Release|Any CPU = Release|Any CPU
	EndGlobalSection
	GlobalSection(ProjectConfigurationPlatforms) = postSolution
		{1B17F256-A24A-46F0-B50F-FFE24C32B9E5}.Debug|Any CPU.ActiveCfg = Debug|Any CPU
		{1B17F256-A24A-46F0-B50F-FFE24C32B9E5}.Debug|Any CPU.Build.0 = Debug|Any CPU
		{1B17F256-A24A-46F0-B50F-FFE24C32B9E5}.Release|Any CPU.ActiveCfg = Release|Any CPU
		{1B17F256-A24A-46F0-B50F-FFE24C32B9E5}.Release|Any CPU.Build.0 = Release|Any CPU
	EndGlobalSection
	GlobalSection(SolutionProperties) = preSolution
		HideSolutionNode = FALSE
	EndGlobalSection
	GlobalSection(ExtensibilityGlobals) = postSolution
		SolutionGuid = {1B3BC88D-251E-481E-9389-AE26CD52E3D4}
	EndGlobalSection
EndGlobal
